
Microsoft Visual Studio Solution File, Format Version 12.00
# Visual Studio Version 16
VisualStudioVersion = 16.0.31729.503
MinimumVisualStudioVersion = 10.0.40219.1
Project("{FAE04EC0-301F-11D3-BF4B-00C04F79EFBC}") = "TTCNHTTT_BanhNgot", "TTCNHTTT_BanhNgot.csproj", "{9CFAA71B-716B-466F-92BE-8F6686B6C70F}"
EndProject
Global
	GlobalSection(SolutionConfigurationPlatforms) = preSolution
		Debug|Any CPU = Debug|Any CPU
		Release|Any CPU = Release|Any CPU
	EndGlobalSection
	GlobalSection(ProjectConfigurationPlatforms) = postSolution
		{9CFAA71B-716B-466F-92BE-8F6686B6C70F}.Debug|Any CPU.ActiveCfg = Debug|Any CPU
		{9CFAA71B-716B-466F-92BE-8F6686B6C70F}.Debug|Any CPU.Build.0 = Debug|Any CPU
		{9CFAA71B-716B-466F-92BE-8F6686B6C70F}.Release|Any CPU.ActiveCfg = Release|Any CPU
		{9CFAA71B-716B-466F-92BE-8F6686B6C70F}.Release|Any CPU.Build.0 = Release|Any CPU
	EndGlobalSection
	GlobalSection(SolutionProperties) = preSolution
		HideSolutionNode = FALSE
	EndGlobalSection
	GlobalSection(ExtensibilityGlobals) = postSolution
		SolutionGuid = {A88FB93E-2E2A-4396-8E57-0EEDE295052B}
	EndGlobalSection
EndGlobal
